// !$*UTF8*$!
{
	archiveVersion = 1;
	classes = {
	};
	objectVersion = 56;
	objects = {

/* Begin PBXBuildFile section */
		890A67702BA088E500802E2C /* SweaterShopApp.swift in Sources */ = {isa = PBXBuildFile; fileRef = 890A676F2BA088E500802E2C /* SweaterShopApp.swift */; };
		890A67722BA088E500802E2C /* ContentView.swift in Sources */ = {isa = PBXBuildFile; fileRef = 890A67712BA088E500802E2C /* ContentView.swift */; };
		890A67742BA088E700802E2C /* Assets.xcassets in Resources */ = {isa = PBXBuildFile; fileRef = 890A67732BA088E700802E2C /* Assets.xcassets */; };
		890A67772BA088E700802E2C /* Preview Assets.xcassets in Resources */ = {isa = PBXBuildFile; fileRef = 890A67762BA088E700802E2C /* Preview Assets.xcassets */; };
		890A677F2BA08CA700802E2C /* ProductModel.swift in Sources */ = {isa = PBXBuildFile; fileRef = 890A677E2BA08CA700802E2C /* ProductModel.swift */; };
		890A67822BA08D7200802E2C /* ProductViewModel.swift in Sources */ = {isa = PBXBuildFile; fileRef = 890A67812BA08D7200802E2C /* ProductViewModel.swift */; };
		890A67852BA08EAB00802E2C /* ProductCard.swift in Sources */ = {isa = PBXBuildFile; fileRef = 890A67842BA08EAB00802E2C /* ProductCard.swift */; };
		891700572BA0B6180084E3A2 /* HomeView.swift in Sources */ = {isa = PBXBuildFile; fileRef = 891700562BA0B6180084E3A2 /* HomeView.swift */; };
		891700592BA0BFFA0084E3A2 /* CartView.swift in Sources */ = {isa = PBXBuildFile; fileRef = 891700582BA0BFFA0084E3A2 /* CartView.swift */; };
		897AE34D2BA18A35000A2A54 /* CartDetailView.swift in Sources */ = {isa = PBXBuildFile; fileRef = 897AE34C2BA18A35000A2A54 /* CartDetailView.swift */; };
		897AE34F2BA18DED000A2A54 /* CartButton.swift in Sources */ = {isa = PBXBuildFile; fileRef = 897AE34E2BA18DED000A2A54 /* CartButton.swift */; };
/* End PBXBuildFile section */

/* Begin PBXFileReference section */
		890A676C2BA088E500802E2C /* SweaterShop.app */ = {isa = PBXFileReference; explicitFileType = wrapper.application; includeInIndex = 0; path = SweaterShop.app; sourceTree = BUILT_PRODUCTS_DIR; };
		890A676F2BA088E500802E2C /* SweaterShopApp.swift */ = {isa = PBXFileReference; lastKnownFileType = sourcecode.swift; path = SweaterShopApp.swift; sourceTree = "<group>"; };
		890A67712BA088E500802E2C /* ContentView.swift */ = {isa = PBXFileReference; lastKnownFileType = sourcecode.swift; path = ContentView.swift; sourceTree = "<group>"; };
		890A67732BA088E700802E2C /* Assets.xcassets */ = {isa = PBXFileReference; lastKnownFileType = folder.assetcatalog; path = Assets.xcassets; sourceTree = "<group>"; };
		890A67762BA088E700802E2C /* Preview Assets.xcassets */ = {isa = PBXFileReference; lastKnownFileType = folder.assetcatalog; path = "Preview Assets.xcassets"; sourceTree = "<group>"; };
		890A677E2BA08CA700802E2C /* ProductModel.swift */ = {isa = PBXFileReference; lastKnownFileType = sourcecode.swift; path = ProductModel.swift; sourceTree = "<group>"; };
		890A67812BA08D7200802E2C /* ProductViewModel.swift */ = {isa = PBXFileReference; lastKnownFileType = sourcecode.swift; path = ProductViewModel.swift; sourceTree = "<group>"; };
		890A67842BA08EAB00802E2C /* ProductCard.swift */ = {isa = PBXFileReference; lastKnownFileType = sourcecode.swift; path = ProductCard.swift; sourceTree = "<group>"; };
		891700562BA0B6180084E3A2 /* HomeView.swift */ = {isa = PBXFileReference; lastKnownFileType = sourcecode.swift; path = HomeView.swift; sourceTree = "<group>"; };
		891700582BA0BFFA0084E3A2 /* CartView.swift */ = {isa = PBXFileReference; lastKnownFileType = sourcecode.swift; path = CartView.swift; sourceTree = "<group>"; };
		897AE34C2BA18A35000A2A54 /* CartDetailView.swift */ = {isa = PBXFileReference; lastKnownFileType = sourcecode.swift; path = CartDetailView.swift; sourceTree = "<group>"; };
		897AE34E2BA18DED000A2A54 /* CartButton.swift */ = {isa = PBXFileReference; lastKnownFileType = sourcecode.swift; path = CartButton.swift; sourceTree = "<group>"; };
/* End PBXFileReference section */

/* Begin PBXFrameworksBuildPhase section */
		890A67692BA088E500802E2C /* Frameworks */ = {
			isa = PBXFrameworksBuildPhase;
			buildActionMask = 2147483647;
			files = (
			);
			runOnlyForDeploymentPostprocessing = 0;
		};
/* End PBXFrameworksBuildPhase section */

/* Begin PBXGroup section */
		890A67632BA088E500802E2C = {
			isa = PBXGroup;
			children = (
				890A676E2BA088E500802E2C /* SweaterShop */,
				890A676D2BA088E500802E2C /* Products */,
			);
			sourceTree = "<group>";
		};
		890A676D2BA088E500802E2C /* Products */ = {
			isa = PBXGroup;
			children = (
				890A676C2BA088E500802E2C /* SweaterShop.app */,
			);
			name = Products;
			sourceTree = "<group>";
		};
		890A676E2BA088E500802E2C /* SweaterShop */ = {
			isa = PBXGroup;
			children = (
				890A67832BA08E9700802E2C /* View */,
				890A67802BA08D5C00802E2C /* ViewModel */,
				890A676F2BA088E500802E2C /* SweaterShopApp.swift */,
				890A67712BA088E500802E2C /* ContentView.swift */,
				890A677D2BA08C8500802E2C /* Models */,
				890A67732BA088E700802E2C /* Assets.xcassets */,
				890A67752BA088E700802E2C /* Preview Content */,
			);
			path = SweaterShop;
			sourceTree = "<group>";
		};
		890A67752BA088E700802E2C /* Preview Content */ = {
			isa = PBXGroup;
			children = (
				890A67762BA088E700802E2C /* Preview Assets.xcassets */,
			);
			path = "Preview Content";
			sourceTree = "<group>";
		};
		890A677D2BA08C8500802E2C /* Models */ = {
			isa = PBXGroup;
			children = (
				890A677E2BA08CA700802E2C /* ProductModel.swift */,
			);
			path = Models;
			sourceTree = "<group>";
		};
		890A67802BA08D5C00802E2C /* ViewModel */ = {
			isa = PBXGroup;
			children = (
				890A67812BA08D7200802E2C /* ProductViewModel.swift */,
			);
			path = ViewModel;
			sourceTree = "<group>";
		};
		890A67832BA08E9700802E2C /* View */ = {
			isa = PBXGroup;
			children = (
				890A67842BA08EAB00802E2C /* ProductCard.swift */,
				897AE34E2BA18DED000A2A54 /* CartButton.swift */,
				891700582BA0BFFA0084E3A2 /* CartView.swift */,
				897AE34C2BA18A35000A2A54 /* CartDetailView.swift */,
				891700562BA0B6180084E3A2 /* HomeView.swift */,
			);
			path = View;
			sourceTree = "<group>";
		};
/* End PBXGroup section */

/* Begin PBXNativeTarget section */
		890A676B2BA088E500802E2C /* SweaterShop */ = {
			isa = PBXNativeTarget;
			buildConfigurationList = 890A677A2BA088E700802E2C /* Build configuration list for PBXNativeTarget "SweaterShop" */;
			buildPhases = (
				890A67682BA088E500802E2C /* Sources */,
				890A67692BA088E500802E2C /* Frameworks */,
				890A676A2BA088E500802E2C /* Resources */,
			);
			buildRules = (
			);
			dependencies = (
			);
			name = SweaterShop;
			productName = SweaterShop;
			productReference = 890A676C2BA088E500802E2C /* SweaterShop.app */;
			productType = "com.apple.product-type.application";
		};
/* End PBXNativeTarget section */

/* Begin PBXProject section */
		890A67642BA088E500802E2C /* Project object */ = {
			isa = PBXProject;
			attributes = {
				BuildIndependentTargetsInParallel = 1;
				LastSwiftUpdateCheck = 1510;
				LastUpgradeCheck = 1510;
				TargetAttributes = {
					890A676B2BA088E500802E2C = {
						CreatedOnToolsVersion = 15.1;
					};
				};
			};
			buildConfigurationList = 890A67672BA088E500802E2C /* Build configuration list for PBXProject "SweaterShop" */;
			compatibilityVersion = "Xcode 14.0";
			developmentRegion = en;
			hasScannedForEncodings = 0;
			knownRegions = (
				en,
				Base,
			);
			mainGroup = 890A67632BA088E500802E2C;
			productRefGroup = 890A676D2BA088E500802E2C /* Products */;
			projectDirPath = "";
			projectRoot = "";
			targets = (
				890A676B2BA088E500802E2C /* SweaterShop */,
			);
		};
/* End PBXProject section */

/* Begin PBXResourcesBuildPhase section */
		890A676A2BA088E500802E2C /* Resources */ = {
			isa = PBXResourcesBuildPhase;
			buildActionMask = 2147483647;
			files = (
				890A67772BA088E700802E2C /* Preview Assets.xcassets in Resources */,
				890A67742BA088E700802E2C /* Assets.xcassets in Resources */,
			);
			runOnlyForDeploymentPostprocessing = 0;
		};
/* End PBXResourcesBuildPhase section */

/* Begin PBXSourcesBuildPhase section */
		890A67682BA088E500802E2C /* Sources */ = {
			isa = PBXSourcesBuildPhase;
			buildActionMask = 2147483647;
			files = (
				890A67722BA088E500802E2C /* ContentView.swift in Sources */,
				891700592BA0BFFA0084E3A2 /* CartView.swift in Sources */,
				890A677F2BA08CA700802E2C /* ProductModel.swift in Sources */,
				890A67822BA08D7200802E2C /* ProductViewModel.swift in Sources */,
				891700572BA0B6180084E3A2 /* HomeView.swift in Sources */,
				897AE34F2BA18DED000A2A54 /* CartButton.swift in Sources */,
				890A67852BA08EAB00802E2C /* ProductCard.swift in Sources */,
				890A67702BA088E500802E2C /* SweaterShopApp.swift in Sources */,
				897AE34D2BA18A35000A2A54 /* CartDetailView.swift in Sources */,
			);
			runOnlyForDeploymentPostprocessing = 0;
		};
/* End PBXSourcesBuildPhase section */

/* Begin XCBuildConfiguration section */
		890A67782BA088E700802E2C /* Debug */ = {
			isa = XCBuildConfiguration;
			buildSettings = {
				ALWAYS_SEARCH_USER_PATHS = NO;
				ASSETCATALOG_COMPILER_GENERATE_SWIFT_ASSET_SYMBOL_EXTENSIONS = YES;
				CLANG_ANALYZER_NONNULL = YES;
				CLANG_ANALYZER_NUMBER_OBJECT_CONVERSION = YES_AGGRESSIVE;
				CLANG_CXX_LANGUAGE_STANDARD = "gnu++20";
				CLANG_ENABLE_MODULES = YES;
				CLANG_ENABLE_OBJC_ARC = YES;
				CLANG_ENABLE_OBJC_WEAK = YES;
				CLANG_WARN_BLOCK_CAPTURE_AUTORELEASING = YES;
				CLANG_WARN_BOOL_CONVERSION = YES;
				CLANG_WARN_COMMA = YES;
				CLANG_WARN_CONSTANT_CONVERSION = YES;
				CLANG_WARN_DEPRECATED_OBJC_IMPLEMENTATIONS = YES;
				CLANG_WARN_DIRECT_OBJC_ISA_USAGE = YES_ERROR;
				CLANG_WARN_DOCUMENTATION_COMMENTS = YES;
				CLANG_WARN_EMPTY_BODY = YES;
				CLANG_WARN_ENUM_CONVERSION = YES;
				CLANG_WARN_INFINITE_RECURSION = YES;
				CLANG_WARN_INT_CONVERSION = YES;
				CLANG_WARN_NON_LITERAL_NULL_CONVERSION = YES;
				CLANG_WARN_OBJC_IMPLICIT_RETAIN_SELF = YES;
				CLANG_WARN_OBJC_LITERAL_CONVERSION = YES;
				CLANG_WARN_OBJC_ROOT_CLASS = YES_ERROR;
				CLANG_WARN_QUOTED_INCLUDE_IN_FRAMEWORK_HEADER = YES;
				CLANG_WARN_RANGE_LOOP_ANALYSIS = YES;
				CLANG_WARN_STRICT_PROTOTYPES = YES;
				CLANG_WARN_SUSPICIOUS_MOVE = YES;
				CLANG_WARN_UNGUARDED_AVAILABILITY = YES_AGGRESSIVE;
				CLANG_WARN_UNREACHABLE_CODE = YES;
				CLANG_WARN__DUPLICATE_METHOD_MATCH = YES;
				COPY_PHASE_STRIP = NO;
				DEBUG_INFORMATION_FORMAT = dwarf;
				ENABLE_STRICT_OBJC_MSGSEND = YES;
				ENABLE_TESTABILITY = YES;
				ENABLE_USER_SCRIPT_SANDBOXING = YES;
				GCC_C_LANGUAGE_STANDARD = gnu17;
				GCC_DYNAMIC_NO_PIC = NO;
				GCC_NO_COMMON_BLOCKS = YES;
				GCC_OPTIMIZATION_LEVEL = 0;
				GCC_PREPROCESSOR_DEFINITIONS = (
					"DEBUG=1",
					"$(inherited)",
				);
				GCC_WARN_64_TO_32_BIT_CONVERSION = YES;
				GCC_WARN_ABOUT_RETURN_TYPE = YES_ERROR;
				GCC_WARN_UNDECLARED_SELECTOR = YES;
				GCC_WARN_UNINITIALIZED_AUTOS = YES_AGGRESSIVE;
				GCC_WARN_UNUSED_FUNCTION = YES;
				GCC_WARN_UNUSED_VARIABLE = YES;
				IPHONEOS_DEPLOYMENT_TARGET = 17.2;
				LOCALIZATION_PREFERS_STRING_CATALOGS = YES;
				MTL_ENABLE_DEBUG_INFO = INCLUDE_SOURCE;
				MTL_FAST_MATH = YES;
				ONLY_ACTIVE_ARCH = YES;
				SDKROOT = iphoneos;
				SWIFT_ACTIVE_COMPILATION_CONDITIONS = "DEBUG $(inherited)";
				SWIFT_OPTIMIZATION_LEVEL = "-Onone";
			};
			name = Debug;
		};
		890A67792BA088E700802E2C /* Release */ = {
			isa = XCBuildConfiguration;
			buildSettings = {
				ALWAYS_SEARCH_USER_PATHS = NO;
				ASSETCATALOG_COMPILER_GENERATE_SWIFT_ASSET_SYMBOL_EXTENSIONS = YES;
				CLANG_ANALYZER_NONNULL = YES;
				CLANG_ANALYZER_NUMBER_OBJECT_CONVERSION = YES_AGGRESSIVE;
				CLANG_CXX_LANGUAGE_STANDARD = "gnu++20";
				CLANG_ENABLE_MODULES = YES;
				CLANG_ENABLE_OBJC_ARC = YES;
				CLANG_ENABLE_OBJC_WEAK = YES;
				CLANG_WARN_BLOCK_CAPTURE_AUTORELEASING = YES;
				CLANG_WARN_BOOL_CONVERSION = YES;
				CLANG_WARN_COMMA = YES;
				CLANG_WARN_CONSTANT_CONVERSION = YES;
				CLANG_WARN_DEPRECATED_OBJC_IMPLEMENTATIONS = YES;
				CLANG_WARN_DIRECT_OBJC_ISA_USAGE = YES_ERROR;
				CLANG_WARN_DOCUMENTATION_COMMENTS = YES;
				CLANG_WARN_EMPTY_BODY = YES;
				CLANG_WARN_ENUM_CONVERSION = YES;
				CLANG_WARN_INFINITE_RECURSION = YES;
				CLANG_WARN_INT_CONVERSION = YES;
				CLANG_WARN_NON_LITERAL_NULL_CONVERSION = YES;
				CLANG_WARN_OBJC_IMPLICIT_RETAIN_SELF = YES;
				CLANG_WARN_OBJC_LITERAL_CONVERSION = YES;
				CLANG_WARN_OBJC_ROOT_CLASS = YES_ERROR;
				CLANG_WARN_QUOTED_INCLUDE_IN_FRAMEWORK_HEADER = YES;
				CLANG_WARN_RANGE_LOOP_ANALYSIS = YES;
				CLANG_WARN_STRICT_PROTOTYPES = YES;
				CLANG_WARN_SUSPICIOUS_MOVE = YES;
				CLANG_WARN_UNGUARDED_AVAILABILITY = YES_AGGRESSIVE;
				CLANG_WARN_UNREACHABLE_CODE = YES;
				CLANG_WARN__DUPLICATE_METHOD_MATCH = YES;
				COPY_PHASE_STRIP = NO;
				DEBUG_INFORMATION_FORMAT = "dwarf-with-dsym";
				ENABLE_NS_ASSERTIONS = NO;
				ENABLE_STRICT_OBJC_MSGSEND = YES;
				ENABLE_USER_SCRIPT_SANDBOXING = YES;
				GCC_C_LANGUAGE_STANDARD = gnu17;
				GCC_NO_COMMON_BLOCKS = YES;
				GCC_WARN_64_TO_32_BIT_CONVERSION = YES;
				GCC_WARN_ABOUT_RETURN_TYPE = YES_ERROR;
				GCC_WARN_UNDECLARED_SELECTOR = YES;
				GCC_WARN_UNINITIALIZED_AUTOS = YES_AGGRESSIVE;
				GCC_WARN_UNUSED_FUNCTION = YES;
				GCC_WARN_UNUSED_VARIABLE = YES;
				IPHONEOS_DEPLOYMENT_TARGET = 17.2;
				LOCALIZATION_PREFERS_STRING_CATALOGS = YES;
				MTL_ENABLE_DEBUG_INFO = NO;
				MTL_FAST_MATH = YES;
				SDKROOT = iphoneos;
				SWIFT_COMPILATION_MODE = wholemodule;
				VALIDATE_PRODUCT = YES;
			};
			name = Release;
		};
		890A677B2BA088E700802E2C /* Debug */ = {
			isa = XCBuildConfiguration;
			buildSettings = {
				ASSETCATALOG_COMPILER_APPICON_NAME = AppIcon;
				ASSETCATALOG_COMPILER_GLOBAL_ACCENT_COLOR_NAME = AccentColor;
				CODE_SIGN_STYLE = Automatic;
				CURRENT_PROJECT_VERSION = 1;
				DEVELOPMENT_ASSET_PATHS = "\"SweaterShop/Preview Content\"";
				ENABLE_PREVIEWS = YES;
				GENERATE_INFOPLIST_FILE = YES;
				INFOPLIST_KEY_UIApplicationSceneManifest_Generation = YES;
				INFOPLIST_KEY_UIApplicationSupportsIndirectInputEvents = YES;
				INFOPLIST_KEY_UILaunchScreen_Generation = YES;
				INFOPLIST_KEY_UISupportedInterfaceOrientations_iPad = "UIInterfaceOrientationPortrait UIInterfaceOrientationPortraitUpsideDown UIInterfaceOrientationLandscapeLeft UIInterfaceOrientationLandscapeRight";
				INFOPLIST_KEY_UISupportedInterfaceOrientations_iPhone = "UIInterfaceOrientationPortrait UIInterfaceOrientationLandscapeLeft UIInterfaceOrientationLandscapeRight";
				LD_RUNPATH_SEARCH_PATHS = (
					"$(inherited)",
					"@executable_path/Frameworks",
				);
				MARKETING_VERSION = 1.0;
				PRODUCT_BUNDLE_IDENTIFIER = com.dhruvsharma.SweaterShop;
				PRODUCT_NAME = "$(TARGET_NAME)";
				SWIFT_EMIT_LOC_STRINGS = YES;
				SWIFT_VERSION = 5.0;
				TARGETED_DEVICE_FAMILY = "1,2";
			};
			name = Debug;
		};
		890A677C2BA088E700802E2C /* Release */ = {
			isa = XCBuildConfiguration;
			buildSettings = {
				ASSETCATALOG_COMPILER_APPICON_NAME = AppIcon;
				ASSETCATALOG_COMPILER_GLOBAL_ACCENT_COLOR_NAME = AccentColor;
				CODE_SIGN_STYLE = Automatic;
				CURRENT_PROJECT_VERSION = 1;
				DEVELOPMENT_ASSET_PATHS = "\"SweaterShop/Preview Content\"";
				ENABLE_PREVIEWS = YES;
				GENERATE_INFOPLIST_FILE = YES;
				INFOPLIST_KEY_UIApplicationSceneManifest_Generation = YES;
				INFOPLIST_KEY_UIApplicationSupportsIndirectInputEvents = YES;
				INFOPLIST_KEY_UILaunchScreen_Generation = YES;
				INFOPLIST_KEY_UISupportedInterfaceOrientations_iPad = "UIInterfaceOrientationPortrait UIInterfaceOrientationPortraitUpsideDown UIInterfaceOrientationLandscapeLeft UIInterfaceOrientationLandscapeRight";
				INFOPLIST_KEY_UISupportedInterfaceOrientations_iPhone = "UIInterfaceOrientationPortrait UIInterfaceOrientationLandscapeLeft UIInterfaceOrientationLandscapeRight";
				LD_RUNPATH_SEARCH_PATHS = (
					"$(inherited)",
					"@executable_path/Frameworks",
				);
				MARKETING_VERSION = 1.0;
				PRODUCT_BUNDLE_IDENTIFIER = com.dhruvsharma.SweaterShop;
				PRODUCT_NAME = "$(TARGET_NAME)";
				SWIFT_EMIT_LOC_STRINGS = YES;
				SWIFT_VERSION = 5.0;
				TARGETED_DEVICE_FAMILY = "1,2";
			};
			name = Release;
		};
/* End XCBuildConfiguration section */

/* Begin XCConfigurationList section */
		890A67672BA088E500802E2C /* Build configuration list for PBXProject "SweaterShop" */ = {
			isa = XCConfigurationList;
			buildConfigurations = (
				890A67782BA088E700802E2C /* Debug */,
				890A67792BA088E700802E2C /* Release */,
			);
			defaultConfigurationIsVisible = 0;
			defaultConfigurationName = Release;
		};
		890A677A2BA088E700802E2C /* Build configuration list for PBXNativeTarget "SweaterShop" */ = {
			isa = XCConfigurationList;
			buildConfigurations = (
				890A677B2BA088E700802E2C /* Debug */,
				890A677C2BA088E700802E2C /* Release */,
			);
			defaultConfigurationIsVisible = 0;
			defaultConfigurationName = Release;
		};
/* End XCConfigurationList section */
	};
	rootObject = 890A67642BA088E500802E2C /* Project object */;
}
